PODS:
  - bdk_flutter (0.31.3):
    - Flutter
  - Flutter (1.0.0)
  - flutter_native_splash (2.4.3):
    - Flutter
  - flutter_secure_storage_darwin (10.0.0):
    - Flutter
    - FlutterMacOS
  - rongcloud_im_wrapper_plugin (0.0.1):
    - Flutter
    - RongCloudIM/ChatRoom (= 5.36.1)
    - RongCloudIM/IMLibCore (= 5.36.1)
  - RongCloudIM/ChatRoom (5.36.1):
    - RongCloudIM/IMLibCore
  - RongCloudIM/IMLibCore (5.36.1)
  - shared_preferences_foundation (0.0.1):
    - Flutter
    - FlutterMacOS
  - sqflite_darwin (0.0.4):
    - Flutter
    - FlutterMacOS

DEPENDENCIES:
  - bdk_flutter (from `.symlinks/plugins/bdk_flutter/ios`)
  - Flutter (from `Flutter`)
  - flutter_native_splash (from `.symlinks/plugins/flutter_native_splash/ios`)
  - flutter_secure_storage_darwin (from `.symlinks/plugins/flutter_secure_storage_darwin/darwin`)
  - rongcloud_im_wrapper_plugin (from `.symlinks/plugins/rongcloud_im_wrapper_plugin/ios`)
  - shared_preferences_foundation (from `.symlinks/plugins/shared_preferences_foundation/darwin`)
  - sqflite_darwin (from `.symlinks/plugins/sqflite_darwin/darwin`)

SPEC REPOS:
  trunk:
    - RongCloudIM

EXTERNAL SOURCES:
  bdk_flutter:
    :path: ".symlinks/plugins/bdk_flutter/ios"
  Flutter:
    :path: Flutter
  flutter_native_splash:
    :path: ".symlinks/plugins/flutter_native_splash/ios"
  flutter_secure_storage_darwin:
    :path: ".symlinks/plugins/flutter_secure_storage_darwin/darwin"
  rongcloud_im_wrapper_plugin:
    :path: ".symlinks/plugins/rongcloud_im_wrapper_plugin/ios"
  shared_preferences_foundation:
    :path: ".symlinks/plugins/shared_preferences_foundation/darwin"
  sqflite_darwin:
    :path: ".symlinks/plugins/sqflite_darwin/darwin"

SPEC CHECKSUMS:
  bdk_flutter: cef9180019b4c6b67a3e3dfb74611683fe140107
  Flutter: cabc95a1d2626b1b06e7179b784ebcf0c0cde467
  flutter_native_splash: c32d145d68aeda5502d5f543ee38c192065986cf
  flutter_secure_storage_darwin: acdb3f316ed05a3e68f856e0353b133eec373a23
  rongcloud_im_wrapper_plugin: f7c2e9d4e04d4df832830ed3e873ac4eaa75a36c
  RongCloudIM: 26e1b912d72d34c86508bc37b84d6315b30aca48
  shared_preferences_foundation: 7036424c3d8ec98dfe75ff1667cb0cd531ec82bb
  sqflite_darwin: 20b2a3a3b70e43edae938624ce550a3cbf66a3d0

PODFILE CHECKSUM: ea6eafce7d1ce4f42591eb38d51b52ac05977629

COCOAPODS: 1.16.2
