PODS:
  - audioplayers_darwin (0.0.1):
    - Flutter
    - FlutterMacOS
  - bdk_flutter (0.31.3):
    - Flutter
  - camera_avfoundation (0.0.1):
    - Flutter
  - DKImagePickerController/Core (4.3.9):
    - DKImagePickerController/ImageDataManager
    - DKImagePickerController/Resource
  - DKImagePickerController/ImageDataManager (4.3.9)
  - DKImagePickerController/PhotoGallery (4.3.9):
    - DKImagePickerController/Core
    - DKPhotoGallery
  - DKImagePickerController/Resource (4.3.9)
  - DKPhotoGallery (0.0.19):
    - DKPhotoGallery/Core (= 0.0.19)
    - DKPhotoGallery/Model (= 0.0.19)
    - DKPhotoGallery/Preview (= 0.0.19)
    - DKPhotoGallery/Resource (= 0.0.19)
    - SDWebImage
    - SwiftyGif
  - DKPhotoGallery/Core (0.0.19):
    - DKPhotoGallery/Model
    - DKPhotoGallery/Preview
    - SDWebImage
    - SwiftyGif
  - DKPhotoGallery/Model (0.0.19):
    - SDWebImage
    - SwiftyGif
  - DKPhotoGallery/Preview (0.0.19):
    - DKPhotoGallery/Model
    - DKPhotoGallery/Resource
    - SDWebImage
    - SwiftyGif
  - DKPhotoGallery/Resource (0.0.19):
    - SDWebImage
    - SwiftyGif
  - file_picker (0.0.1):
    - DKImagePickerController/PhotoGallery
    - Flutter
  - Flutter (1.0.0)
  - flutter_image_compress_common (1.0.0):
    - Flutter
    - Mantle
    - SDWebImage
    - SDWebImageWebPCoder
  - flutter_inappwebview_ios (0.0.1):
    - Flutter
    - flutter_inappwebview_ios/Core (= 0.0.1)
    - OrderedSet (~> 6.0.3)
  - flutter_inappwebview_ios/Core (0.0.1):
    - Flutter
    - OrderedSet (~> 6.0.3)
  - flutter_native_splash (2.4.3):
    - Flutter
  - flutter_secure_storage_darwin (10.0.0):
    - Flutter
    - FlutterMacOS
  - flutter_sound (9.30.0):
    - Flutter
    - flutter_sound_core (= 9.30.0)
  - flutter_sound_core (9.30.0)
  - image_picker_ios (0.0.1):
    - Flutter
  - libwebp (1.5.0):
    - libwebp/demux (= 1.5.0)
    - libwebp/mux (= 1.5.0)
    - libwebp/sharpyuv (= 1.5.0)
    - libwebp/webp (= 1.5.0)
  - libwebp/demux (1.5.0):
    - libwebp/webp
  - libwebp/mux (1.5.0):
    - libwebp/demux
  - libwebp/sharpyuv (1.5.0)
  - libwebp/webp (1.5.0):
    - libwebp/sharpyuv
  - Mantle (2.2.0):
    - Mantle/extobjc (= 2.2.0)
  - Mantle/extobjc (2.2.0)
  - mobile_scanner (7.0.0):
    - Flutter
    - FlutterMacOS
  - OrderedSet (6.0.3)
  - photo_manager (3.9.0):
    - Flutter
    - FlutterMacOS
  - record_ios (1.2.0):
    - Flutter
  - rongcloud_im_wrapper_plugin (0.0.1):
    - Flutter
    - RongCloudIM/ChatRoom (= 5.36.1)
    - RongCloudIM/IMLibCore (= 5.36.1)
  - RongCloudIM/ChatRoom (5.36.1):
    - RongCloudIM/IMLibCore
  - RongCloudIM/IMLibCore (5.36.1)
  - SDWebImage (5.21.7):
    - SDWebImage/Core (= 5.21.7)
  - SDWebImage/Core (5.21.7)
  - SDWebImageWebPCoder (0.15.0):
    - libwebp (~> 1.0)
    - SDWebImage/Core (~> 5.17)
  - sensors_plus (0.0.1):
    - Flutter
  - shared_preferences_foundation (0.0.1):
    - Flutter
    - FlutterMacOS
  - sqflite_darwin (0.0.4):
    - Flutter
    - FlutterMacOS
  - SwiftyGif (5.4.5)
  - video_compress (0.3.0):
    - Flutter
  - video_player_avfoundation (0.0.1):
    - Flutter
    - FlutterMacOS

DEPENDENCIES:
  - audioplayers_darwin (from `.symlinks/plugins/audioplayers_darwin/darwin`)
  - bdk_flutter (from `.symlinks/plugins/bdk_flutter/ios`)
  - camera_avfoundation (from `.symlinks/plugins/camera_avfoundation/ios`)
  - file_picker (from `.symlinks/plugins/file_picker/ios`)
  - Flutter (from `Flutter`)
  - flutter_image_compress_common (from `.symlinks/plugins/flutter_image_compress_common/ios`)
  - flutter_inappwebview_ios (from `.symlinks/plugins/flutter_inappwebview_ios/ios`)
  - flutter_native_splash (from `.symlinks/plugins/flutter_native_splash/ios`)
  - flutter_secure_storage_darwin (from `.symlinks/plugins/flutter_secure_storage_darwin/darwin`)
  - flutter_sound (from `.symlinks/plugins/flutter_sound/ios`)
  - image_picker_ios (from `.symlinks/plugins/image_picker_ios/ios`)
  - mobile_scanner (from `.symlinks/plugins/mobile_scanner/darwin`)
  - photo_manager (from `.symlinks/plugins/photo_manager/darwin`)
  - record_ios (from `.symlinks/plugins/record_ios/ios`)
  - rongcloud_im_wrapper_plugin (from `.symlinks/plugins/rongcloud_im_wrapper_plugin/ios`)
  - sensors_plus (from `.symlinks/plugins/sensors_plus/ios`)
  - shared_preferences_foundation (from `.symlinks/plugins/shared_preferences_foundation/darwin`)
  - sqflite_darwin (from `.symlinks/plugins/sqflite_darwin/darwin`)
  - video_compress (from `.symlinks/plugins/video_compress/ios`)
  - video_player_avfoundation (from `.symlinks/plugins/video_player_avfoundation/darwin`)

SPEC REPOS:
  trunk:
    - DKImagePickerController
    - DKPhotoGallery
    - flutter_sound_core
    - libwebp
    - Mantle
    - OrderedSet
    - RongCloudIM
    - SDWebImage
    - SDWebImageWebPCoder
    - SwiftyGif

EXTERNAL SOURCES:
  audioplayers_darwin:
    :path: ".symlinks/plugins/audioplayers_darwin/darwin"
  bdk_flutter:
    :path: ".symlinks/plugins/bdk_flutter/ios"
  camera_avfoundation:
    :path: ".symlinks/plugins/camera_avfoundation/ios"
  file_picker:
    :path: ".symlinks/plugins/file_picker/ios"
  Flutter:
    :path: Flutter
  flutter_image_compress_common:
    :path: ".symlinks/plugins/flutter_image_compress_common/ios"
  flutter_inappwebview_ios:
    :path: ".symlinks/plugins/flutter_inappwebview_ios/ios"
  flutter_native_splash:
    :path: ".symlinks/plugins/flutter_native_splash/ios"
  flutter_secure_storage_darwin:
    :path: ".symlinks/plugins/flutter_secure_storage_darwin/darwin"
  flutter_sound:
    :path: ".symlinks/plugins/flutter_sound/ios"
  image_picker_ios:
    :path: ".symlinks/plugins/image_picker_ios/ios"
  mobile_scanner:
    :path: ".symlinks/plugins/mobile_scanner/darwin"
  photo_manager:
    :path: ".symlinks/plugins/photo_manager/darwin"
  record_ios:
    :path: ".symlinks/plugins/record_ios/ios"
  rongcloud_im_wrapper_plugin:
    :path: ".symlinks/plugins/rongcloud_im_wrapper_plugin/ios"
  sensors_plus:
    :path: ".symlinks/plugins/sensors_plus/ios"
  shared_preferences_foundation:
    :path: ".symlinks/plugins/shared_preferences_foundation/darwin"
  sqflite_darwin:
    :path: ".symlinks/plugins/sqflite_darwin/darwin"
  video_compress:
    :path: ".symlinks/plugins/video_compress/ios"
  video_player_avfoundation:
    :path: ".symlinks/plugins/video_player_avfoundation/darwin"

SPEC CHECKSUMS:
  audioplayers_darwin: 835ced6edd4c9fc8ebb0a7cc9e294a91d99917d5
  bdk_flutter: cef9180019b4c6b67a3e3dfb74611683fe140107
  camera_avfoundation: 968a9a5323c79a99c166ad9d7866bfd2047b5a9b
  DKImagePickerController: 946cec48c7873164274ecc4624d19e3da4c1ef3c
  DKPhotoGallery: b3834fecb755ee09a593d7c9e389d8b5d6deed60
  file_picker: a0560bc09d61de87f12d246fc47d2119e6ef37be
  Flutter: cabc95a1d2626b1b06e7179b784ebcf0c0cde467
  flutter_image_compress_common: 1697a328fd72bfb335507c6bca1a65fa5ad87df1
  flutter_inappwebview_ios: b89ba3482b96fb25e00c967aae065701b66e9b99
  flutter_native_splash: c32d145d68aeda5502d5f543ee38c192065986cf
  flutter_secure_storage_darwin: acdb3f316ed05a3e68f856e0353b133eec373a23
  flutter_sound: d95194f6476c9ad211d22b3a414d852c12c7ca44
  flutter_sound_core: 7f2626d249d3a57bfa6da892ef7e22d234482c1a
  image_picker_ios: e0ece4aa2a75771a7de3fa735d26d90817041326
  libwebp: 02b23773aedb6ff1fd38cec7a77b81414c6842a8
  Mantle: c5aa8794a29a022dfbbfc9799af95f477a69b62d
  mobile_scanner: 9157936403f5a0644ca3779a38ff8404c5434a93
  OrderedSet: e539b66b644ff081c73a262d24ad552a69be3a94
  photo_manager: 25fd77df14f4f0ba5ef99e2c61814dde77e2bceb
  record_ios: 412daca2350b228e698fffcd08f1f94ceb1e3844
  rongcloud_im_wrapper_plugin: f7c2e9d4e04d4df832830ed3e873ac4eaa75a36c
  RongCloudIM: 26e1b912d72d34c86508bc37b84d6315b30aca48
  SDWebImage: e9fc87c1aab89a8ab1bbd74eba378c6f53be8abf
  SDWebImageWebPCoder: 0e06e365080397465cc73a7a9b472d8a3bd0f377
  sensors_plus: 6a11ed0c2e1d0bd0b20b4029d3bad27d96e0c65b
  shared_preferences_foundation: 7036424c3d8ec98dfe75ff1667cb0cd531ec82bb
  sqflite_darwin: 20b2a3a3b70e43edae938624ce550a3cbf66a3d0
  SwiftyGif: 706c60cf65fa2bc5ee0313beece843c8eb8194d4
  video_compress: f2133a07762889d67f0711ac831faa26f956980e
  video_player_avfoundation: dd410b52df6d2466a42d28550e33e4146928280a

PODFILE CHECKSUM: ea6eafce7d1ce4f42591eb38d51b52ac05977629

COCOAPODS: 1.16.2
